
Microsoft Visual Studio Solution File, Format Version 12.00
# Visual Studio Version 17
VisualStudioVersion = 17.3.32901.215
MinimumVisualStudioVersion = 10.0.40219.1
Project("{FAE04EC0-301F-11D3-BF4B-00C04F79EFBC}") = "l", "l\l.csproj", "{318A987C-A8B6-4075-8E8E-5EC6905964B0}"
EndProject
Project("{FAE04EC0-301F-11D3-BF4B-00C04F79EFBC}") = "lTests", "lTests\lTests.csproj", "{0138DAB8-C35E-465B-8648-08410164756A}"
EndProject
Global
	GlobalSection(SolutionConfigurationPlatforms) = preSolution
		Debug|Any CPU = Debug|Any CPU
		Release|Any CPU = Release|Any CPU
	EndGlobalSection
	GlobalSection(ProjectConfigurationPlatforms) = postSolution
		{318A987C-A8B6-4075-8E8E-5EC6905964B0}.Debug|Any CPU.ActiveCfg = Debug|Any CPU
		{318A987C-A8B6-4075-8E8E-5EC6905964B0}.Debug|Any CPU.Build.0 = Debug|Any CPU
		{318A987C-A8B6-4075-8E8E-5EC6905964B0}.Release|Any CPU.ActiveCfg = Release|Any CPU
		{318A987C-A8B6-4075-8E8E-5EC6905964B0}.Release|Any CPU.Build.0 = Release|Any CPU
		{0138DAB8-C35E-465B-8648-08410164756A}.Debug|Any CPU.ActiveCfg = Debug|Any CPU
		{0138DAB8-C35E-465B-8648-08410164756A}.Debug|Any CPU.Build.0 = Debug|Any CPU
		{0138DAB8-C35E-465B-8648-08410164756A}.Release|Any CPU.ActiveCfg = Release|Any CPU
		{0138DAB8-C35E-465B-8648-08410164756A}.Release|Any CPU.Build.0 = Release|Any CPU
	EndGlobalSection
	GlobalSection(SolutionProperties) = preSolution
		HideSolutionNode = FALSE
	EndGlobalSection
	GlobalSection(ExtensibilityGlobals) = postSolution
		SolutionGuid = {1912A125-04E3-4E2E-A327-FD28D3C3BF74}
	EndGlobalSection
EndGlobal
